
Microsoft Visual Studio Solution File, Format Version 12.00
# Blend for Visual Studio Version 17
VisualStudioVersion = 17.2.32526.322
MinimumVisualStudioVersion = 10.0.40219.1
Project("{9A19103F-16F7-4668-BE54-9A1E7A4F7556}") = "HomeWork2", "HomeWork1\HomeWork2.csproj", "{94ED0D84-BDA7-47B8-A978-B3223223FC8F}"
EndProject
Global
	GlobalSection(SolutionConfigurationPlatforms) = preSolution
		Debug|Any CPU = Debug|Any CPU
		Release|Any CPU = Release|Any CPU
	EndGlobalSection
	GlobalSection(ProjectConfigurationPlatforms) = postSolution
		{94ED0D84-BDA7-47B8-A978-B3223223FC8F}.Debug|Any CPU.ActiveCfg = Debug|Any CPU
		{94ED0D84-BDA7-47B8-A978-B3223223FC8F}.Debug|Any CPU.Build.0 = Debug|Any CPU
		{94ED0D84-BDA7-47B8-A978-B3223223FC8F}.Release|Any CPU.ActiveCfg = Release|Any CPU
		{94ED0D84-BDA7-47B8-A978-B3223223FC8F}.Release|Any CPU.Build.0 = Release|Any CPU
	EndGlobalSection
	GlobalSection(SolutionProperties) = preSolution
		HideSolutionNode = FALSE
	EndGlobalSection
	GlobalSection(ExtensibilityGlobals) = postSolution
		SolutionGuid = {65633B4F-8D8D-4D40-AC27-A1EB7D2616EB}
	EndGlobalSection
EndGlobal
