
Microsoft Visual Studio Solution File, Format Version 12.00
Project("{FAE04EC0-301F-11D3-BF4B-00C04F79EFBC}") = "HomeWork4.app", "HomeWork4.app\HomeWork4.app.csproj", "{35B338BE-4686-4F4D-8715-62B594694252}"
EndProject
Global
	GlobalSection(SolutionConfigurationPlatforms) = preSolution
		Debug|Any CPU = Debug|Any CPU
		Release|Any CPU = Release|Any CPU
	EndGlobalSection
	GlobalSection(ProjectConfigurationPlatforms) = postSolution
		{35B338BE-4686-4F4D-8715-62B594694252}.Debug|Any CPU.ActiveCfg = Debug|Any CPU
		{35B338BE-4686-4F4D-8715-62B594694252}.Debug|Any CPU.Build.0 = Debug|Any CPU
		{35B338BE-4686-4F4D-8715-62B594694252}.Release|Any CPU.ActiveCfg = Release|Any CPU
		{35B338BE-4686-4F4D-8715-62B594694252}.Release|Any CPU.Build.0 = Release|Any CPU
	EndGlobalSection
EndGlobal
