
Microsoft Visual Studio Solution File, Format Version 12.00
Project("{FAE04EC0-301F-11D3-BF4B-00C04F79EFBC}") = "zadanie 4", "zadanie 4\zadanie 4.csproj", "{94E30C73-23C5-4563-9118-CB7C8691BD7C}"
EndProject
Global
	GlobalSection(SolutionConfigurationPlatforms) = preSolution
		Debug|Any CPU = Debug|Any CPU
		Release|Any CPU = Release|Any CPU
	EndGlobalSection
	GlobalSection(ProjectConfigurationPlatforms) = postSolution
		{94E30C73-23C5-4563-9118-CB7C8691BD7C}.Debug|Any CPU.ActiveCfg = Debug|Any CPU
		{94E30C73-23C5-4563-9118-CB7C8691BD7C}.Debug|Any CPU.Build.0 = Debug|Any CPU
		{94E30C73-23C5-4563-9118-CB7C8691BD7C}.Release|Any CPU.ActiveCfg = Release|Any CPU
		{94E30C73-23C5-4563-9118-CB7C8691BD7C}.Release|Any CPU.Build.0 = Release|Any CPU
	EndGlobalSection
EndGlobal
