
Microsoft Visual Studio Solution File, Format Version 12.00
# Visual Studio Version 16
VisualStudioVersion = 16.0.31424.327
MinimumVisualStudioVersion = 10.0.40219.1
Project("{FAE04EC0-301F-11D3-BF4B-00C04F79EFBC}") = "Square", "Square\Square.csproj", "{1A8CD385-59B5-4EF8-BC2B-2F3E64D7A725}"
EndProject
Global
	GlobalSection(SolutionConfigurationPlatforms) = preSolution
		Debug|Any CPU = Debug|Any CPU
		Release|Any CPU = Release|Any CPU
	EndGlobalSection
	GlobalSection(ProjectConfigurationPlatforms) = postSolution
		{1A8CD385-59B5-4EF8-BC2B-2F3E64D7A725}.Debug|Any CPU.ActiveCfg = Debug|Any CPU
		{1A8CD385-59B5-4EF8-BC2B-2F3E64D7A725}.Debug|Any CPU.Build.0 = Debug|Any CPU
		{1A8CD385-59B5-4EF8-BC2B-2F3E64D7A725}.Release|Any CPU.ActiveCfg = Release|Any CPU
		{1A8CD385-59B5-4EF8-BC2B-2F3E64D7A725}.Release|Any CPU.Build.0 = Release|Any CPU
	EndGlobalSection
	GlobalSection(SolutionProperties) = preSolution
		HideSolutionNode = FALSE
	EndGlobalSection
	GlobalSection(ExtensibilityGlobals) = postSolution
		SolutionGuid = {82601A1A-1836-46F1-B61C-EF9BC12529D3}
	EndGlobalSection
EndGlobal
